
Microsoft Visual Studio Solution File, Format Version 12.00
# Visual Studio Version 16
VisualStudioVersion = 16.0.29102.190
MinimumVisualStudioVersion = 10.0.40219.1
Project("{9A19103F-16F7-4668-BE54-9A1E7A4F7556}") = "CosmosWithODataDemo", "CosmosWithODataDemo\CosmosWithODataDemo.csproj", "{DF0AC65D-9FD6-411D-A0D3-486968180F61}"
EndProject
Project("{FAE04EC0-301F-11D3-BF4B-00C04F79EFBC}") = "CosmosWithOData.UI", "CosmosWithOData.UI\CosmosWithOData.UI.csproj", "{C156B2A2-D38B-4779-9084-F2B121B0710F}"
EndProject
Global
	GlobalSection(SolutionConfigurationPlatforms) = preSolution
		Debug|Any CPU = Debug|Any CPU
		Release|Any CPU = Release|Any CPU
	EndGlobalSection
	GlobalSection(ProjectConfigurationPlatforms) = postSolution
		{DF0AC65D-9FD6-411D-A0D3-486968180F61}.Debug|Any CPU.ActiveCfg = Debug|Any CPU
		{DF0AC65D-9FD6-411D-A0D3-486968180F61}.Debug|Any CPU.Build.0 = Debug|Any CPU
		{DF0AC65D-9FD6-411D-A0D3-486968180F61}.Release|Any CPU.ActiveCfg = Release|Any CPU
		{DF0AC65D-9FD6-411D-A0D3-486968180F61}.Release|Any CPU.Build.0 = Release|Any CPU
		{C156B2A2-D38B-4779-9084-F2B121B0710F}.Debug|Any CPU.ActiveCfg = Debug|Any CPU
		{C156B2A2-D38B-4779-9084-F2B121B0710F}.Debug|Any CPU.Build.0 = Debug|Any CPU
		{C156B2A2-D38B-4779-9084-F2B121B0710F}.Release|Any CPU.ActiveCfg = Release|Any CPU
		{C156B2A2-D38B-4779-9084-F2B121B0710F}.Release|Any CPU.Build.0 = Release|Any CPU
	EndGlobalSection
	GlobalSection(SolutionProperties) = preSolution
		HideSolutionNode = FALSE
	EndGlobalSection
	GlobalSection(ExtensibilityGlobals) = postSolution
		SolutionGuid = {C65DAF11-3319-4210-98C4-07EFABB79422}
	EndGlobalSection
EndGlobal
